// !$*UTF8*$!
{
	archiveVersion = 1;
	classes = {
	};
	objectVersion = 50;
	objects = {

/* Begin PBXBuildFile section */
		BDF80C9B210F223B001F434A /* AppDelegate.swift in Sources */ = {isa = PBXBuildFile; fileRef = BDF80C9A210F223B001F434A /* AppDelegate.swift */; };
		BDF80C9D210F223B001F434A /* ViewController.swift in Sources */ = {isa = PBXBuildFile; fileRef = BDF80C9C210F223B001F434A /* ViewController.swift */; };
		BDF80CA0210F223B001F434A /* Main.storyboard in Resources */ = {isa = PBXBuildFile; fileRef = BDF80C9E210F223B001F434A /* Main.storyboard */; };
		BDF80CA2210F223D001F434A /* Assets.xcassets in Resources */ = {isa = PBXBuildFile; fileRef = BDF80CA1210F223D001F434A /* Assets.xcassets */; };
		BDF80CA5210F223D001F434A /* LaunchScreen.storyboard in Resources */ = {isa = PBXBuildFile; fileRef = BDF80CA3210F223D001F434A /* LaunchScreen.storyboard */; };
		BDF80CAE210F2269001F434A /* TestingViewController.swift in Sources */ = {isa = PBXBuildFile; fileRef = BDF80CAC210F2269001F434A /* TestingViewController.swift */; };
		BDF80CAF210F2269001F434A /* Testing1ViewController.swift in Sources */ = {isa = PBXBuildFile; fileRef = BDF80CAD210F2269001F434A /* Testing1ViewController.swift */; };
/* End PBXBuildFile section */

/* Begin PBXFileReference section */
		BDF80C97210F223B001F434A /* StackViewExampleWithScrollingHR&VR.app */ = {isa = PBXFileReference; explicitFileType = wrapper.application; includeInIndex = 0; path = "StackViewExampleWithScrollingHR&VR.app"; sourceTree = BUILT_PRODUCTS_DIR; };
		BDF80C9A210F223B001F434A /* AppDelegate.swift */ = {isa = PBXFileReference; lastKnownFileType = sourcecode.swift; path = AppDelegate.swift; sourceTree = "<group>"; };
		BDF80C9C210F223B001F434A /* ViewController.swift */ = {isa = PBXFileReference; lastKnownFileType = sourcecode.swift; path = ViewController.swift; sourceTree = "<group>"; };
		BDF80C9F210F223B001F434A /* Base */ = {isa = PBXFileReference; lastKnownFileType = file.storyboard; name = Base; path = Base.lproj/Main.storyboard; sourceTree = "<group>"; };
		BDF80CA1210F223D001F434A /* Assets.xcassets */ = {isa = PBXFileReference; lastKnownFileType = folder.assetcatalog; path = Assets.xcassets; sourceTree = "<group>"; };
		BDF80CA4210F223D001F434A /* Base */ = {isa = PBXFileReference; lastKnownFileType = file.storyboard; name = Base; path = Base.lproj/LaunchScreen.storyboard; sourceTree = "<group>"; };
		BDF80CA6210F223D001F434A /* Info.plist */ = {isa = PBXFileReference; lastKnownFileType = text.plist.xml; path = Info.plist; sourceTree = "<group>"; };
		BDF80CAC210F2269001F434A /* TestingViewController.swift */ = {isa = PBXFileReference; fileEncoding = 4; lastKnownFileType = sourcecode.swift; path = TestingViewController.swift; sourceTree = "<group>"; };
		BDF80CAD210F2269001F434A /* Testing1ViewController.swift */ = {isa = PBXFileReference; fileEncoding = 4; lastKnownFileType = sourcecode.swift; path = Testing1ViewController.swift; sourceTree = "<group>"; };
/* End PBXFileReference section */

/* Begin PBXFrameworksBuildPhase section */
		BDF80C94210F223B001F434A /* Frameworks */ = {
			isa = PBXFrameworksBuildPhase;
			buildActionMask = 2147483647;
			files = (
			);
			runOnlyForDeploymentPostprocessing = 0;
		};
/* End PBXFrameworksBuildPhase section */

/* Begin PBXGroup section */
		BDF80C8E210F223B001F434A = {
			isa = PBXGroup;
			children = (
				BDF80C99210F223B001F434A /* StackViewExampleWithScrollingHR&VR */,
				BDF80C98210F223B001F434A /* Products */,
			);
			sourceTree = "<group>";
		};
		BDF80C98210F223B001F434A /* Products */ = {
			isa = PBXGroup;
			children = (
				BDF80C97210F223B001F434A /* StackViewExampleWithScrollingHR&VR.app */,
			);
			name = Products;
			sourceTree = "<group>";
		};
		BDF80C99210F223B001F434A /* StackViewExampleWithScrollingHR&VR */ = {
			isa = PBXGroup;
			children = (
				BDF80CAD210F2269001F434A /* Testing1ViewController.swift */,
				BDF80CAC210F2269001F434A /* TestingViewController.swift */,
				BDF80C9A210F223B001F434A /* AppDelegate.swift */,
				BDF80C9C210F223B001F434A /* ViewController.swift */,
				BDF80C9E210F223B001F434A /* Main.storyboard */,
				BDF80CA1210F223D001F434A /* Assets.xcassets */,
				BDF80CA3210F223D001F434A /* LaunchScreen.storyboard */,
				BDF80CA6210F223D001F434A /* Info.plist */,
			);
			path = "StackViewExampleWithScrollingHR&VR";
			sourceTree = "<group>";
		};
/* End PBXGroup section */

/* Begin PBXNativeTarget section */
		BDF80C96210F223B001F434A /* StackViewExampleWithScrollingHR&VR */ = {
			isa = PBXNativeTarget;
			buildConfigurationList = BDF80CA9210F223D001F434A /* Build configuration list for PBXNativeTarget "StackViewExampleWithScrollingHR&VR" */;
			buildPhases = (
				BDF80C93210F223B001F434A /* Sources */,
				BDF80C94210F223B001F434A /* Frameworks */,
				BDF80C95210F223B001F434A /* Resources */,
			);
			buildRules = (
			);
			dependencies = (
			);
			name = "StackViewExampleWithScrollingHR&VR";
			productName = "StackViewExampleWithScrollingHR&VR";
			productReference = BDF80C97210F223B001F434A /* StackViewExampleWithScrollingHR&VR.app */;
			productType = "com.apple.product-type.application";
		};
/* End PBXNativeTarget section */

/* Begin PBXProject section */
		BDF80C8F210F223B001F434A /* Project object */ = {
			isa = PBXProject;
			attributes = {
				LastSwiftUpdateCheck = 0940;
				LastUpgradeCheck = 0940;
				ORGANIZATIONNAME = "varun daga";
				TargetAttributes = {
					BDF80C96210F223B001F434A = {
						CreatedOnToolsVersion = 9.4.1;
					};
				};
			};
			buildConfigurationList = BDF80C92210F223B001F434A /* Build configuration list for PBXProject "StackViewExampleWithScrollingHR&VR" */;
			compatibilityVersion = "Xcode 9.3";
			developmentRegion = en;
			hasScannedForEncodings = 0;
			knownRegions = (
				en,
				Base,
			);
			mainGroup = BDF80C8E210F223B001F434A;
			productRefGroup = BDF80C98210F223B001F434A /* Products */;
			projectDirPath = "";
			projectRoot = "";
			targets = (
				BDF80C96210F223B001F434A /* StackViewExampleWithScrollingHR&VR */,
			);
		};
/* End PBXProject section */

/* Begin PBXResourcesBuildPhase section */
		BDF80C95210F223B001F434A /* Resources */ = {
			isa = PBXResourcesBuildPhase;
			buildActionMask = 2147483647;
			files = (
				BDF80CA5210F223D001F434A /* LaunchScreen.storyboard in Resources */,
				BDF80CA2210F223D001F434A /* Assets.xcassets in Resources */,
				BDF80CA0210F223B001F434A /* Main.storyboard in Resources */,
			);
			runOnlyForDeploymentPostprocessing = 0;
		};
/* End PBXResourcesBuildPhase section */

/* Begin PBXSourcesBuildPhase section */
		BDF80C93210F223B001F434A /* Sources */ = {
			isa = PBXSourcesBuildPhase;
			buildActionMask = 2147483647;
			files = (
				BDF80CAE210F2269001F434A /* TestingViewController.swift in Sources */,
				BDF80CAF210F2269001F434A /* Testing1ViewController.swift in Sources */,
				BDF80C9D210F223B001F434A /* ViewController.swift in Sources */,
				BDF80C9B210F223B001F434A /* AppDelegate.swift in Sources */,
			);
			runOnlyForDeploymentPostprocessing = 0;
		};
/* End PBXSourcesBuildPhase section */

/* Begin PBXVariantGroup section */
		BDF80C9E210F223B001F434A /* Main.storyboard */ = {
			isa = PBXVariantGroup;
			children = (
				BDF80C9F210F223B001F434A /* Base */,
			);
			name = Main.storyboard;
			sourceTree = "<group>";
		};
		BDF80CA3210F223D001F434A /* LaunchScreen.storyboard */ = {
			isa = PBXVariantGroup;
			children = (
				BDF80CA4210F223D001F434A /* Base */,
			);
			name = LaunchScreen.storyboard;
			sourceTree = "<group>";
		};
/* End PBXVariantGroup section */

/* Begin XCBuildConfiguration section */
		BDF80CA7210F223D001F434A /* Debug */ = {
			isa = XCBuildConfiguration;
			buildSettings = {
				ALWAYS_SEARCH_USER_PATHS = NO;
				CLANG_ANALYZER_NONNULL = YES;
				CLANG_ANALYZER_NUMBER_OBJECT_CONVERSION = YES_AGGRESSIVE;
				CLANG_CXX_LANGUAGE_STANDARD = "gnu++14";
				CLANG_CXX_LIBRARY = "libc++";
				CLANG_ENABLE_MODULES = YES;
				CLANG_ENABLE_OBJC_ARC = YES;
				CLANG_ENABLE_OBJC_WEAK = YES;
				CLANG_WARN_BLOCK_CAPTURE_AUTORELEASING = YES;
				CLANG_WARN_BOOL_CONVERSION = YES;
				CLANG_WARN_COMMA = YES;
				CLANG_WARN_CONSTANT_CONVERSION = YES;
				CLANG_WARN_DEPRECATED_OBJC_IMPLEMENTATIONS = YES;
				CLANG_WARN_DIRECT_OBJC_ISA_USAGE = YES_ERROR;
				CLANG_WARN_DOCUMENTATION_COMMENTS = YES;
				CLANG_WARN_EMPTY_BODY = YES;
				CLANG_WARN_ENUM_CONVERSION = YES;
				CLANG_WARN_INFINITE_RECURSION = YES;
				CLANG_WARN_INT_CONVERSION = YES;
				CLANG_WARN_NON_LITERAL_NULL_CONVERSION = YES;
				CLANG_WARN_OBJC_IMPLICIT_RETAIN_SELF = YES;
				CLANG_WARN_OBJC_LITERAL_CONVERSION = YES;
				CLANG_WARN_OBJC_ROOT_CLASS = YES_ERROR;
				CLANG_WARN_RANGE_LOOP_ANALYSIS = YES;
				CLANG_WARN_STRICT_PROTOTYPES = YES;
				CLANG_WARN_SUSPICIOUS_MOVE = YES;
				CLANG_WARN_UNGUARDED_AVAILABILITY = YES_AGGRESSIVE;
				CLANG_WARN_UNREACHABLE_CODE = YES;
				CLANG_WARN__DUPLICATE_METHOD_MATCH = YES;
				CODE_SIGN_IDENTITY = "iPhone Developer";
				COPY_PHASE_STRIP = NO;
				DEBUG_INFORMATION_FORMAT = dwarf;
				ENABLE_STRICT_OBJC_MSGSEND = YES;
				ENABLE_TESTABILITY = YES;
				GCC_C_LANGUAGE_STANDARD = gnu11;
				GCC_DYNAMIC_NO_PIC = NO;
				GCC_NO_COMMON_BLOCKS = YES;
				GCC_OPTIMIZATION_LEVEL = 0;
				GCC_PREPROCESSOR_DEFINITIONS = (
					"DEBUG=1",
					"$(inherited)",
				);
				GCC_WARN_64_TO_32_BIT_CONVERSION = YES;
				GCC_WARN_ABOUT_RETURN_TYPE = YES_ERROR;
				GCC_WARN_UNDECLARED_SELECTOR = YES;
				GCC_WARN_UNINITIALIZED_AUTOS = YES_AGGRESSIVE;
				GCC_WARN_UNUSED_FUNCTION = YES;
				GCC_WARN_UNUSED_VARIABLE = YES;
				IPHONEOS_DEPLOYMENT_TARGET = 11.4;
				MTL_ENABLE_DEBUG_INFO = YES;
				ONLY_ACTIVE_ARCH = YES;
				SDKROOT = iphoneos;
				SWIFT_ACTIVE_COMPILATION_CONDITIONS = DEBUG;
				SWIFT_OPTIMIZATION_LEVEL = "-Onone";
			};
			name = Debug;
		};
		BDF80CA8210F223D001F434A /* Release */ = {
			isa = XCBuildConfiguration;
			buildSettings = {
				ALWAYS_SEARCH_USER_PATHS = NO;
				CLANG_ANALYZER_NONNULL = YES;
				CLANG_ANALYZER_NUMBER_OBJECT_CONVERSION = YES_AGGRESSIVE;
				CLANG_CXX_LANGUAGE_STANDARD = "gnu++14";
				CLANG_CXX_LIBRARY = "libc++";
				CLANG_ENABLE_MODULES = YES;
				CLANG_ENABLE_OBJC_ARC = YES;
				CLANG_ENABLE_OBJC_WEAK = YES;
				CLANG_WARN_BLOCK_CAPTURE_AUTORELEASING = YES;
				CLANG_WARN_BOOL_CONVERSION = YES;
				CLANG_WARN_COMMA = YES;
				CLANG_WARN_CONSTANT_CONVERSION = YES;
				CLANG_WARN_DEPRECATED_OBJC_IMPLEMENTATIONS = YES;
				CLANG_WARN_DIRECT_OBJC_ISA_USAGE = YES_ERROR;
				CLANG_WARN_DOCUMENTATION_COMMENTS = YES;
				CLANG_WARN_EMPTY_BODY = YES;
				CLANG_WARN_ENUM_CONVERSION = YES;
				CLANG_WARN_INFINITE_RECURSION = YES;
				CLANG_WARN_INT_CONVERSION = YES;
				CLANG_WARN_NON_LITERAL_NULL_CONVERSION = YES;
				CLANG_WARN_OBJC_IMPLICIT_RETAIN_SELF = YES;
				CLANG_WARN_OBJC_LITERAL_CONVERSION = YES;
				CLANG_WARN_OBJC_ROOT_CLASS = YES_ERROR;
				CLANG_WARN_RANGE_LOOP_ANALYSIS = YES;
				CLANG_WARN_STRICT_PROTOTYPES = YES;
				CLANG_WARN_SUSPICIOUS_MOVE = YES;
				CLANG_WARN_UNGUARDED_AVAILABILITY = YES_AGGRESSIVE;
				CLANG_WARN_UNREACHABLE_CODE = YES;
				CLANG_WARN__DUPLICATE_METHOD_MATCH = YES;
				CODE_SIGN_IDENTITY = "iPhone Developer";
				COPY_PHASE_STRIP = NO;
				DEBUG_INFORMATION_FORMAT = "dwarf-with-dsym";
				ENABLE_NS_ASSERTIONS = NO;
				ENABLE_STRICT_OBJC_MSGSEND = YES;
				GCC_C_LANGUAGE_STANDARD = gnu11;
				GCC_NO_COMMON_BLOCKS = YES;
				GCC_WARN_64_TO_32_BIT_CONVERSION = YES;
				GCC_WARN_ABOUT_RETURN_TYPE = YES_ERROR;
				GCC_WARN_UNDECLARED_SELECTOR = YES;
				GCC_WARN_UNINITIALIZED_AUTOS = YES_AGGRESSIVE;
				GCC_WARN_UNUSED_FUNCTION = YES;
				GCC_WARN_UNUSED_VARIABLE = YES;
				IPHONEOS_DEPLOYMENT_TARGET = 11.4;
				MTL_ENABLE_DEBUG_INFO = NO;
				SDKROOT = iphoneos;
				SWIFT_COMPILATION_MODE = wholemodule;
				SWIFT_OPTIMIZATION_LEVEL = "-O";
				VALIDATE_PRODUCT = YES;
			};
			name = Release;
		};
		BDF80CAA210F223D001F434A /* Debug */ = {
			isa = XCBuildConfiguration;
			buildSettings = {
				ASSETCATALOG_COMPILER_APPICON_NAME = AppIcon;
				CODE_SIGN_STYLE = Manual;
				DEVELOPMENT_TEAM = ARE334SD9C;
				INFOPLIST_FILE = "StackViewExampleWithScrollingHR&VR/Info.plist";
				LD_RUNPATH_SEARCH_PATHS = (
					"$(inherited)",
					"@executable_path/Frameworks",
				);
				PRODUCT_BUNDLE_IDENTIFIER = com.StockAxis.OpulentInvestment.StockaxisNew;
				PRODUCT_NAME = "$(TARGET_NAME)";
				PROVISIONING_PROFILE = "224e2fdd-9846-4efe-ab23-9a04b81d72c7";
				PROVISIONING_PROFILE_SPECIFIER = TestingStockaxis15_06;
				SWIFT_VERSION = 4.0;
				TARGETED_DEVICE_FAMILY = "1,2";
			};
			name = Debug;
		};
		BDF80CAB210F223D001F434A /* Release */ = {
			isa = XCBuildConfiguration;
			buildSettings = {
				ASSETCATALOG_COMPILER_APPICON_NAME = AppIcon;
				CODE_SIGN_STYLE = Manual;
				DEVELOPMENT_TEAM = ARE334SD9C;
				INFOPLIST_FILE = "StackViewExampleWithScrollingHR&VR/Info.plist";
				LD_RUNPATH_SEARCH_PATHS = (
					"$(inherited)",
					"@executable_path/Frameworks",
				);
				PRODUCT_BUNDLE_IDENTIFIER = com.StockAxis.OpulentInvestment.StockaxisNew;
				PRODUCT_NAME = "$(TARGET_NAME)";
				PROVISIONING_PROFILE = "224e2fdd-9846-4efe-ab23-9a04b81d72c7";
				PROVISIONING_PROFILE_SPECIFIER = TestingStockaxis15_06;
				SWIFT_VERSION = 4.0;
				TARGETED_DEVICE_FAMILY = "1,2";
			};
			name = Release;
		};
/* End XCBuildConfiguration section */

/* Begin XCConfigurationList section */
		BDF80C92210F223B001F434A /* Build configuration list for PBXProject "StackViewExampleWithScrollingHR&VR" */ = {
			isa = XCConfigurationList;
			buildConfigurations = (
				BDF80CA7210F223D001F434A /* Debug */,
				BDF80CA8210F223D001F434A /* Release */,
			);
			defaultConfigurationIsVisible = 0;
			defaultConfigurationName = Release;
		};
		BDF80CA9210F223D001F434A /* Build configuration list for PBXNativeTarget "StackViewExampleWithScrollingHR&VR" */ = {
			isa = XCConfigurationList;
			buildConfigurations = (
				BDF80CAA210F223D001F434A /* Debug */,
				BDF80CAB210F223D001F434A /* Release */,
			);
			defaultConfigurationIsVisible = 0;
			defaultConfigurationName = Release;
		};
/* End XCConfigurationList section */
	};
	rootObject = BDF80C8F210F223B001F434A /* Project object */;
}
